
Microsoft Visual Studio Solution File, Format Version 12.00
# Visual Studio Version 17
VisualStudioVersion = 17.5.33424.131
MinimumVisualStudioVersion = 10.0.40219.1
Project("{FAE04EC0-301F-11D3-BF4B-00C04F79EFBC}") = "dockerexample", "dockerexample.csproj", "{CAF63C59-1C7A-4F2A-9285-CA11D707C7C8}"
EndProject
Global
	GlobalSection(SolutionConfigurationPlatforms) = preSolution
		Debug|Any CPU = Debug|Any CPU
		Release|Any CPU = Release|Any CPU
	EndGlobalSection
	GlobalSection(ProjectConfigurationPlatforms) = postSolution
		{CAF63C59-1C7A-4F2A-9285-CA11D707C7C8}.Debug|Any CPU.ActiveCfg = Debug|Any CPU
		{CAF63C59-1C7A-4F2A-9285-CA11D707C7C8}.Debug|Any CPU.Build.0 = Debug|Any CPU
		{CAF63C59-1C7A-4F2A-9285-CA11D707C7C8}.Release|Any CPU.ActiveCfg = Release|Any CPU
		{CAF63C59-1C7A-4F2A-9285-CA11D707C7C8}.Release|Any CPU.Build.0 = Release|Any CPU
	EndGlobalSection
	GlobalSection(SolutionProperties) = preSolution
		HideSolutionNode = FALSE
	EndGlobalSection
	GlobalSection(ExtensibilityGlobals) = postSolution
		SolutionGuid = {3105E88B-5409-4F3F-BDA0-3BB09B0402A6}
	EndGlobalSection
EndGlobal
